
Microsoft Visual Studio Solution File, Format Version 12.00
# Visual Studio Version 16
VisualStudioVersion = 16.0.31624.102
MinimumVisualStudioVersion = 10.0.40219.1
Project("{9A19103F-16F7-4668-BE54-9A1E7A4F7556}") = "1.1-1.5", "Practise\1.1-1.5.csproj", "{C68258F3-B57C-4FAF-97C6-6434B3B2AB4A}"
EndProject
Project("{FAE04EC0-301F-11D3-BF4B-00C04F79EFBC}") = "1.6 线程优先级", "线程优先级\1.6 线程优先级.csproj", "{7CA62545-BF5A-472F-9819-40B84C0DAE02}"
EndProject
Project("{FAE04EC0-301F-11D3-BF4B-00C04F79EFBC}") = "Test", "Test\Test.csproj", "{96EA4AC6-4158-41B0-A8D9-D976F0F53FF4}"
EndProject
Project("{FAE04EC0-301F-11D3-BF4B-00C04F79EFBC}") = "1.7 前后台进程", "前后台进程\1.7 前后台进程.csproj", "{A7F44BA2-0849-4905-9FB4-0B96389A3113}"
EndProject
Project("{FAE04EC0-301F-11D3-BF4B-00C04F79EFBC}") = "1.8 向线程传递参数", "07 向线程传递参数\1.8 向线程传递参数.csproj", "{3482AE6C-43B9-4112-8122-4259522B941C}"
EndProject
Project("{FAE04EC0-301F-11D3-BF4B-00C04F79EFBC}") = "2.1 使用Monitor lock", "2.1 使用Monitor lock\2.1 使用Monitor lock.csproj", "{4CA51893-8608-4AC2-9373-032013075CBF}"
EndProject
Project("{FAE04EC0-301F-11D3-BF4B-00C04F79EFBC}") = "2.2 死锁", "2.2 死锁\2.2 死锁.csproj", "{97C3AC93-7FC0-4617-87DA-1DE5D1653896}"
EndProject
Project("{FAE04EC0-301F-11D3-BF4B-00C04F79EFBC}") = "2.3 使用互锁函数", "2.3 使用互锁函数\2.3 使用互锁函数.csproj", "{BF2CDF2F-D1B6-4743-96DA-5E64EEA2B96E}"
EndProject
Project("{FAE04EC0-301F-11D3-BF4B-00C04F79EFBC}") = "1.9 使用线程局部存储", "1.9 使用线程局部存储\1.9 使用线程局部存储.csproj", "{8A0E80A6-F5DE-4B54-9E91-857DB9F3F0F7}"
EndProject
Project("{FAE04EC0-301F-11D3-BF4B-00C04F79EFBC}") = "1.10 线程函数处理异常", "1.10 线程函数处理异常\1.10 线程函数处理异常.csproj", "{27BE5B37-8358-4699-A31B-42DBBD6B4011}"
EndProject
Global
	GlobalSection(SolutionConfigurationPlatforms) = preSolution
		Debug|Any CPU = Debug|Any CPU
		Release|Any CPU = Release|Any CPU
	EndGlobalSection
	GlobalSection(ProjectConfigurationPlatforms) = postSolution
		{C68258F3-B57C-4FAF-97C6-6434B3B2AB4A}.Debug|Any CPU.ActiveCfg = Debug|Any CPU
		{C68258F3-B57C-4FAF-97C6-6434B3B2AB4A}.Debug|Any CPU.Build.0 = Debug|Any CPU
		{C68258F3-B57C-4FAF-97C6-6434B3B2AB4A}.Release|Any CPU.ActiveCfg = Release|Any CPU
		{C68258F3-B57C-4FAF-97C6-6434B3B2AB4A}.Release|Any CPU.Build.0 = Release|Any CPU
		{7CA62545-BF5A-472F-9819-40B84C0DAE02}.Debug|Any CPU.ActiveCfg = Debug|Any CPU
		{7CA62545-BF5A-472F-9819-40B84C0DAE02}.Debug|Any CPU.Build.0 = Debug|Any CPU
		{7CA62545-BF5A-472F-9819-40B84C0DAE02}.Release|Any CPU.ActiveCfg = Release|Any CPU
		{7CA62545-BF5A-472F-9819-40B84C0DAE02}.Release|Any CPU.Build.0 = Release|Any CPU
		{96EA4AC6-4158-41B0-A8D9-D976F0F53FF4}.Debug|Any CPU.ActiveCfg = Debug|Any CPU
		{96EA4AC6-4158-41B0-A8D9-D976F0F53FF4}.Debug|Any CPU.Build.0 = Debug|Any CPU
		{96EA4AC6-4158-41B0-A8D9-D976F0F53FF4}.Release|Any CPU.ActiveCfg = Release|Any CPU
		{96EA4AC6-4158-41B0-A8D9-D976F0F53FF4}.Release|Any CPU.Build.0 = Release|Any CPU
		{A7F44BA2-0849-4905-9FB4-0B96389A3113}.Debug|Any CPU.ActiveCfg = Debug|Any CPU
		{A7F44BA2-0849-4905-9FB4-0B96389A3113}.Debug|Any CPU.Build.0 = Debug|Any CPU
		{A7F44BA2-0849-4905-9FB4-0B96389A3113}.Release|Any CPU.ActiveCfg = Release|Any CPU
		{A7F44BA2-0849-4905-9FB4-0B96389A3113}.Release|Any CPU.Build.0 = Release|Any CPU
		{3482AE6C-43B9-4112-8122-4259522B941C}.Debug|Any CPU.ActiveCfg = Debug|Any CPU
		{3482AE6C-43B9-4112-8122-4259522B941C}.Debug|Any CPU.Build.0 = Debug|Any CPU
		{3482AE6C-43B9-4112-8122-4259522B941C}.Release|Any CPU.ActiveCfg = Release|Any CPU
		{3482AE6C-43B9-4112-8122-4259522B941C}.Release|Any CPU.Build.0 = Release|Any CPU
		{4CA51893-8608-4AC2-9373-032013075CBF}.Debug|Any CPU.ActiveCfg = Debug|Any CPU
		{4CA51893-8608-4AC2-9373-032013075CBF}.Debug|Any CPU.Build.0 = Debug|Any CPU
		{4CA51893-8608-4AC2-9373-032013075CBF}.Release|Any CPU.ActiveCfg = Release|Any CPU
		{4CA51893-8608-4AC2-9373-032013075CBF}.Release|Any CPU.Build.0 = Release|Any CPU
		{97C3AC93-7FC0-4617-87DA-1DE5D1653896}.Debug|Any CPU.ActiveCfg = Debug|Any CPU
		{97C3AC93-7FC0-4617-87DA-1DE5D1653896}.Debug|Any CPU.Build.0 = Debug|Any CPU
		{97C3AC93-7FC0-4617-87DA-1DE5D1653896}.Release|Any CPU.ActiveCfg = Release|Any CPU
		{97C3AC93-7FC0-4617-87DA-1DE5D1653896}.Release|Any CPU.Build.0 = Release|Any CPU
		{BF2CDF2F-D1B6-4743-96DA-5E64EEA2B96E}.Debug|Any CPU.ActiveCfg = Debug|Any CPU
		{BF2CDF2F-D1B6-4743-96DA-5E64EEA2B96E}.Debug|Any CPU.Build.0 = Debug|Any CPU
		{BF2CDF2F-D1B6-4743-96DA-5E64EEA2B96E}.Release|Any CPU.ActiveCfg = Release|Any CPU
		{BF2CDF2F-D1B6-4743-96DA-5E64EEA2B96E}.Release|Any CPU.Build.0 = Release|Any CPU
		{8A0E80A6-F5DE-4B54-9E91-857DB9F3F0F7}.Debug|Any CPU.ActiveCfg = Debug|Any CPU
		{8A0E80A6-F5DE-4B54-9E91-857DB9F3F0F7}.Debug|Any CPU.Build.0 = Debug|Any CPU
		{8A0E80A6-F5DE-4B54-9E91-857DB9F3F0F7}.Release|Any CPU.ActiveCfg = Release|Any CPU
		{8A0E80A6-F5DE-4B54-9E91-857DB9F3F0F7}.Release|Any CPU.Build.0 = Release|Any CPU
		{27BE5B37-8358-4699-A31B-42DBBD6B4011}.Debug|Any CPU.ActiveCfg = Debug|Any CPU
		{27BE5B37-8358-4699-A31B-42DBBD6B4011}.Debug|Any CPU.Build.0 = Debug|Any CPU
		{27BE5B37-8358-4699-A31B-42DBBD6B4011}.Release|Any CPU.ActiveCfg = Release|Any CPU
		{27BE5B37-8358-4699-A31B-42DBBD6B4011}.Release|Any CPU.Build.0 = Release|Any CPU
	EndGlobalSection
	GlobalSection(SolutionProperties) = preSolution
		HideSolutionNode = FALSE
	EndGlobalSection
	GlobalSection(ExtensibilityGlobals) = postSolution
		SolutionGuid = {88964F28-9AC1-4D29-B4D6-C17E80042D39}
	EndGlobalSection
EndGlobal
